
Microsoft Visual Studio Solution File, Format Version 12.00
# Visual Studio 15
VisualStudioVersion = 15.0.28010.2041
MinimumVisualStudioVersion = 10.0.40219.1
Project("{9A19103F-16F7-4668-BE54-9A1E7A4F7556}") = "LearnOOP2", "LearnOOP2\LearnOOP2.csproj", "{BD434FBE-6430-4747-8739-098467824F0C}"
EndProject
Project("{FAE04EC0-301F-11D3-BF4B-00C04F79EFBC}") = "Ch09Ex01", "Ch09Ex01\Ch09Ex01.csproj", "{C97C6F42-7FAB-4E74-833D-923595E20FBA}"
EndProject
Global
	GlobalSection(SolutionConfigurationPlatforms) = preSolution
		Debug|Any CPU = Debug|Any CPU
		Release|Any CPU = Release|Any CPU
	EndGlobalSection
	GlobalSection(ProjectConfigurationPlatforms) = postSolution
		{BD434FBE-6430-4747-8739-098467824F0C}.Debug|Any CPU.ActiveCfg = Debug|Any CPU
		{BD434FBE-6430-4747-8739-098467824F0C}.Debug|Any CPU.Build.0 = Debug|Any CPU
		{BD434FBE-6430-4747-8739-098467824F0C}.Release|Any CPU.ActiveCfg = Release|Any CPU
		{BD434FBE-6430-4747-8739-098467824F0C}.Release|Any CPU.Build.0 = Release|Any CPU
		{C97C6F42-7FAB-4E74-833D-923595E20FBA}.Debug|Any CPU.ActiveCfg = Debug|Any CPU
		{C97C6F42-7FAB-4E74-833D-923595E20FBA}.Debug|Any CPU.Build.0 = Debug|Any CPU
		{C97C6F42-7FAB-4E74-833D-923595E20FBA}.Release|Any CPU.ActiveCfg = Release|Any CPU
		{C97C6F42-7FAB-4E74-833D-923595E20FBA}.Release|Any CPU.Build.0 = Release|Any CPU
	EndGlobalSection
	GlobalSection(SolutionProperties) = preSolution
		HideSolutionNode = FALSE
	EndGlobalSection
	GlobalSection(ExtensibilityGlobals) = postSolution
		SolutionGuid = {937D5072-CAD0-469D-8FB4-98FC29FC85E6}
	EndGlobalSection
EndGlobal
